// !$*UTF8*$!
{
	archiveVersion = 1;
	classes = {
	};
	objectVersion = 48;
	objects = {

/* Begin PBXBuildFile section */
		0012828920A146210019AC74 /* LoginViewController.swift in Sources */ = {isa = PBXBuildFile; fileRef = 0012828820A146210019AC74 /* LoginViewController.swift */; };
		0012828B20A146A50019AC74 /* SignupViewController.swift in Sources */ = {isa = PBXBuildFile; fileRef = 0012828A20A146A50019AC74 /* SignupViewController.swift */; };
		0019A83420A94E08007DEE4F /* Contact.swift in Sources */ = {isa = PBXBuildFile; fileRef = 0019A83320A94E08007DEE4F /* Contact.swift */; };
		0019A83620A97BCE007DEE4F /* MessageViewController.swift in Sources */ = {isa = PBXBuildFile; fileRef = 0019A83520A97BCE007DEE4F /* MessageViewController.swift */; };
		0019A83820AA9957007DEE4F /* FBAuth.swift in Sources */ = {isa = PBXBuildFile; fileRef = 0019A83720AA9957007DEE4F /* FBAuth.swift */; };
		006ACB4620A91D3D00222E5A /* FBdatabase.swift in Sources */ = {isa = PBXBuildFile; fileRef = 006ACB4520A91D3D00222E5A /* FBdatabase.swift */; };
		006ACB4820A93FAC00222E5A /* ChatViewController.swift in Sources */ = {isa = PBXBuildFile; fileRef = 006ACB4720A93FAC00222E5A /* ChatViewController.swift */; };
		00A5D4E720AAAA89004303BD /* MessagesHandler.swift in Sources */ = {isa = PBXBuildFile; fileRef = 00A5D4E620AAAA89004303BD /* MessagesHandler.swift */; };
		05B015999860B78F5212D25A /* Pods_Study_SeshUITests.framework in Frameworks */ = {isa = PBXBuildFile; fileRef = 00DE6B687554DE96E1CF1559 /* Pods_Study_SeshUITests.framework */; };
		50DCBF9B480776774EEC8162 /* Pods_Study_SeshTests.framework in Frameworks */ = {isa = PBXBuildFile; fileRef = CD20D0EA2F461344DCBDE801 /* Pods_Study_SeshTests.framework */; };
		9CAF00F1887CF690CEE8D427 /* Pods_Study_Sesh.framework in Frameworks */ = {isa = PBXBuildFile; fileRef = 139E0A94A1BF97003D028DCC /* Pods_Study_Sesh.framework */; };
		F81ED5812087DD0F00069A8C /* SeshCell.swift in Sources */ = {isa = PBXBuildFile; fileRef = F81ED5802087DD0F00069A8C /* SeshCell.swift */; };
		F81ED5832087E6EB00069A8C /* studySesh.swift in Sources */ = {isa = PBXBuildFile; fileRef = F81ED5822087E6EB00069A8C /* studySesh.swift */; };
		F86522222086A7050006FEED /* Default@2x.png in Resources */ = {isa = PBXBuildFile; fileRef = F86522202086A7050006FEED /* Default@2x.png */; };
		F86522232086A7050006FEED /* Default.png in Resources */ = {isa = PBXBuildFile; fileRef = F86522212086A7050006FEED /* Default.png */; };
		F86522272086AC430006FEED /* Launch Screen.storyboard in Resources */ = {isa = PBXBuildFile; fileRef = F86522262086AC430006FEED /* Launch Screen.storyboard */; };
		F86D28F020858F5700737388 /* AppDelegate.swift in Sources */ = {isa = PBXBuildFile; fileRef = F86D28EF20858F5700737388 /* AppDelegate.swift */; };
		F86D28F220858F5700737388 /* AppointmentViewController.swift in Sources */ = {isa = PBXBuildFile; fileRef = F86D28F120858F5700737388 /* AppointmentViewController.swift */; };
		F86D28F520858F5700737388 /* Main.storyboard in Resources */ = {isa = PBXBuildFile; fileRef = F86D28F320858F5700737388 /* Main.storyboard */; };
		F86D28F720858F5700737388 /* Assets.xcassets in Resources */ = {isa = PBXBuildFile; fileRef = F86D28F620858F5700737388 /* Assets.xcassets */; };
		F86D290520858F5700737388 /* Study_SeshTests.swift in Sources */ = {isa = PBXBuildFile; fileRef = F86D290420858F5700737388 /* Study_SeshTests.swift */; };
		F86D291020858F5700737388 /* Study_SeshUITests.swift in Sources */ = {isa = PBXBuildFile; fileRef = F86D290F20858F5700737388 /* Study_SeshUITests.swift */; };
		F887614020A3B222004C8482 /* GoogleService-Info.plist in Resources */ = {isa = PBXBuildFile; fileRef = F887613F20A3B222004C8482 /* GoogleService-Info.plist */; };
		F8A5649920A7EDD400C3FA0B /* logo.png in Resources */ = {isa = PBXBuildFile; fileRef = F8A5649820A7EDD300C3FA0B /* logo.png */; };
		F8ED725B2086EF6D0050B715 /* AddSeshViewController.swift in Sources */ = {isa = PBXBuildFile; fileRef = F8ED725A2086EF6D0050B715 /* AddSeshViewController.swift */; };
/* End PBXBuildFile section */

/* Begin PBXContainerItemProxy section */
		F86D290120858F5700737388 /* PBXContainerItemProxy */ = {
			isa = PBXContainerItemProxy;
			containerPortal = F86D28E420858F5700737388 /* Project object */;
			proxyType = 1;
			remoteGlobalIDString = F86D28EB20858F5700737388;
			remoteInfo = "Study Sesh";
		};
		F86D290C20858F5700737388 /* PBXContainerItemProxy */ = {
			isa = PBXContainerItemProxy;
			containerPortal = F86D28E420858F5700737388 /* Project object */;
			proxyType = 1;
			remoteGlobalIDString = F86D28EB20858F5700737388;
			remoteInfo = "Study Sesh";
		};
/* End PBXContainerItemProxy section */

/* Begin PBXFileReference section */
		0012828820A146210019AC74 /* LoginViewController.swift */ = {isa = PBXFileReference; fileEncoding = 4; lastKnownFileType = sourcecode.swift; path = LoginViewController.swift; sourceTree = "<group>"; };
		0012828A20A146A50019AC74 /* SignupViewController.swift */ = {isa = PBXFileReference; lastKnownFileType = sourcecode.swift; path = SignupViewController.swift; sourceTree = "<group>"; };
		0019A83320A94E08007DEE4F /* Contact.swift */ = {isa = PBXFileReference; lastKnownFileType = sourcecode.swift; path = Contact.swift; sourceTree = "<group>"; };
		0019A83520A97BCE007DEE4F /* MessageViewController.swift */ = {isa = PBXFileReference; lastKnownFileType = sourcecode.swift; path = MessageViewController.swift; sourceTree = "<group>"; };
		0019A83720AA9957007DEE4F /* FBAuth.swift */ = {isa = PBXFileReference; lastKnownFileType = sourcecode.swift; path = FBAuth.swift; sourceTree = "<group>"; };
		006ACB4520A91D3D00222E5A /* FBdatabase.swift */ = {isa = PBXFileReference; lastKnownFileType = sourcecode.swift; path = FBdatabase.swift; sourceTree = "<group>"; };
		006ACB4720A93FAC00222E5A /* ChatViewController.swift */ = {isa = PBXFileReference; lastKnownFileType = sourcecode.swift; path = ChatViewController.swift; sourceTree = "<group>"; };
		00A5D4E620AAAA89004303BD /* MessagesHandler.swift */ = {isa = PBXFileReference; lastKnownFileType = sourcecode.swift; path = MessagesHandler.swift; sourceTree = "<group>"; };
		00DE6B687554DE96E1CF1559 /* Pods_Study_SeshUITests.framework */ = {isa = PBXFileReference; explicitFileType = wrapper.framework; includeInIndex = 0; path = Pods_Study_SeshUITests.framework; sourceTree = BUILT_PRODUCTS_DIR; };
		139E0A94A1BF97003D028DCC /* Pods_Study_Sesh.framework */ = {isa = PBXFileReference; explicitFileType = wrapper.framework; includeInIndex = 0; path = Pods_Study_Sesh.framework; sourceTree = BUILT_PRODUCTS_DIR; };
		191C3383913F584EC00570CF /* Pods-Study SeshTests.debug.xcconfig */ = {isa = PBXFileReference; includeInIndex = 1; lastKnownFileType = text.xcconfig; name = "Pods-Study SeshTests.debug.xcconfig"; path = "Pods/Target Support Files/Pods-Study SeshTests/Pods-Study SeshTests.debug.xcconfig"; sourceTree = "<group>"; };
		3A5536710134E408A612F688 /* Pods-Study Sesh.release.xcconfig */ = {isa = PBXFileReference; includeInIndex = 1; lastKnownFileType = text.xcconfig; name = "Pods-Study Sesh.release.xcconfig"; path = "Pods/Target Support Files/Pods-Study Sesh/Pods-Study Sesh.release.xcconfig"; sourceTree = "<group>"; };
		419D8EADBFE57A119A0A461C /* Pods-Study SeshUITests.release.xcconfig */ = {isa = PBXFileReference; includeInIndex = 1; lastKnownFileType = text.xcconfig; name = "Pods-Study SeshUITests.release.xcconfig"; path = "Pods/Target Support Files/Pods-Study SeshUITests/Pods-Study SeshUITests.release.xcconfig"; sourceTree = "<group>"; };
		6F4BCDBD5C58A09FDB350FE0 /* Pods-Study SeshTests.release.xcconfig */ = {isa = PBXFileReference; includeInIndex = 1; lastKnownFileType = text.xcconfig; name = "Pods-Study SeshTests.release.xcconfig"; path = "Pods/Target Support Files/Pods-Study SeshTests/Pods-Study SeshTests.release.xcconfig"; sourceTree = "<group>"; };
		924430E542A3994D1D99CD05 /* Pods-Study Sesh.debug.xcconfig */ = {isa = PBXFileReference; includeInIndex = 1; lastKnownFileType = text.xcconfig; name = "Pods-Study Sesh.debug.xcconfig"; path = "Pods/Target Support Files/Pods-Study Sesh/Pods-Study Sesh.debug.xcconfig"; sourceTree = "<group>"; };
		B35530B6756BB068557B9C9D /* Pods-Study SeshUITests.debug.xcconfig */ = {isa = PBXFileReference; includeInIndex = 1; lastKnownFileType = text.xcconfig; name = "Pods-Study SeshUITests.debug.xcconfig"; path = "Pods/Target Support Files/Pods-Study SeshUITests/Pods-Study SeshUITests.debug.xcconfig"; sourceTree = "<group>"; };
		CD20D0EA2F461344DCBDE801 /* Pods_Study_SeshTests.framework */ = {isa = PBXFileReference; explicitFileType = wrapper.framework; includeInIndex = 0; path = Pods_Study_SeshTests.framework; sourceTree = BUILT_PRODUCTS_DIR; };
		F81ED5802087DD0F00069A8C /* SeshCell.swift */ = {isa = PBXFileReference; lastKnownFileType = sourcecode.swift; path = SeshCell.swift; sourceTree = "<group>"; };
		F81ED5822087E6EB00069A8C /* studySesh.swift */ = {isa = PBXFileReference; lastKnownFileType = sourcecode.swift; path = studySesh.swift; sourceTree = "<group>"; };
		F86522202086A7050006FEED /* Default@2x.png */ = {isa = PBXFileReference; lastKnownFileType = image.png; path = "Default@2x.png"; sourceTree = "<group>"; };
		F86522212086A7050006FEED /* Default.png */ = {isa = PBXFileReference; lastKnownFileType = image.png; path = Default.png; sourceTree = "<group>"; };
		F86522262086AC430006FEED /* Launch Screen.storyboard */ = {isa = PBXFileReference; lastKnownFileType = file.storyboard; path = "Launch Screen.storyboard"; sourceTree = "<group>"; };
		F86D28EC20858F5700737388 /* Study Sesh.app */ = {isa = PBXFileReference; explicitFileType = wrapper.application; includeInIndex = 0; path = "Study Sesh.app"; sourceTree = BUILT_PRODUCTS_DIR; };
		F86D28EF20858F5700737388 /* AppDelegate.swift */ = {isa = PBXFileReference; lastKnownFileType = sourcecode.swift; path = AppDelegate.swift; sourceTree = "<group>"; };
		F86D28F120858F5700737388 /* AppointmentViewController.swift */ = {isa = PBXFileReference; lastKnownFileType = sourcecode.swift; path = AppointmentViewController.swift; sourceTree = "<group>"; };
		F86D28F420858F5700737388 /* Base */ = {isa = PBXFileReference; lastKnownFileType = file.storyboard; name = Base; path = Base.lproj/Main.storyboard; sourceTree = "<group>"; };
		F86D28F620858F5700737388 /* Assets.xcassets */ = {isa = PBXFileReference; lastKnownFileType = folder.assetcatalog; path = Assets.xcassets; sourceTree = "<group>"; };
		F86D28FB20858F5700737388 /* Info.plist */ = {isa = PBXFileReference; lastKnownFileType = text.plist.xml; path = Info.plist; sourceTree = "<group>"; };
		F86D290020858F5700737388 /* Study SeshTests.xctest */ = {isa = PBXFileReference; explicitFileType = wrapper.cfbundle; includeInIndex = 0; path = "Study SeshTests.xctest"; sourceTree = BUILT_PRODUCTS_DIR; };
		F86D290420858F5700737388 /* Study_SeshTests.swift */ = {isa = PBXFileReference; lastKnownFileType = sourcecode.swift; path = Study_SeshTests.swift; sourceTree = "<group>"; };
		F86D290620858F5700737388 /* Info.plist */ = {isa = PBXFileReference; lastKnownFileType = text.plist.xml; path = Info.plist; sourceTree = "<group>"; };
		F86D290B20858F5700737388 /* Study SeshUITests.xctest */ = {isa = PBXFileReference; explicitFileType = wrapper.cfbundle; includeInIndex = 0; path = "Study SeshUITests.xctest"; sourceTree = BUILT_PRODUCTS_DIR; };
		F86D290F20858F5700737388 /* Study_SeshUITests.swift */ = {isa = PBXFileReference; lastKnownFileType = sourcecode.swift; path = Study_SeshUITests.swift; sourceTree = "<group>"; };
		F86D291120858F5700737388 /* Info.plist */ = {isa = PBXFileReference; lastKnownFileType = text.plist.xml; path = Info.plist; sourceTree = "<group>"; };
		F887613F20A3B222004C8482 /* GoogleService-Info.plist */ = {isa = PBXFileReference; fileEncoding = 4; lastKnownFileType = text.plist.xml; path = "GoogleService-Info.plist"; sourceTree = "<group>"; };
		F8A5649820A7EDD300C3FA0B /* logo.png */ = {isa = PBXFileReference; lastKnownFileType = image.png; path = logo.png; sourceTree = "<group>"; };
		F8ED725A2086EF6D0050B715 /* AddSeshViewController.swift */ = {isa = PBXFileReference; lastKnownFileType = sourcecode.swift; path = AddSeshViewController.swift; sourceTree = "<group>"; };
/* End PBXFileReference section */

/* Begin PBXFrameworksBuildPhase section */
		F86D28E920858F5700737388 /* Frameworks */ = {
			isa = PBXFrameworksBuildPhase;
			buildActionMask = 2147483647;
			files = (
				9CAF00F1887CF690CEE8D427 /* Pods_Study_Sesh.framework in Frameworks */,
			);
			runOnlyForDeploymentPostprocessing = 0;
		};
		F86D28FD20858F5700737388 /* Frameworks */ = {
			isa = PBXFrameworksBuildPhase;
			buildActionMask = 2147483647;
			files = (
				50DCBF9B480776774EEC8162 /* Pods_Study_SeshTests.framework in Frameworks */,
			);
			runOnlyForDeploymentPostprocessing = 0;
		};
		F86D290820858F5700737388 /* Frameworks */ = {
			isa = PBXFrameworksBuildPhase;
			buildActionMask = 2147483647;
			files = (
				05B015999860B78F5212D25A /* Pods_Study_SeshUITests.framework in Frameworks */,
			);
			runOnlyForDeploymentPostprocessing = 0;
		};
/* End PBXFrameworksBuildPhase section */

/* Begin PBXGroup section */
		006ACB4220A919B700222E5A /* Model */ = {
			isa = PBXGroup;
			children = (
				006ACB4520A91D3D00222E5A /* FBdatabase.swift */,
				0019A83320A94E08007DEE4F /* Contact.swift */,
				0019A83720AA9957007DEE4F /* FBAuth.swift */,
				00A5D4E620AAAA89004303BD /* MessagesHandler.swift */,
			);
			path = Model;
			sourceTree = "<group>";
		};
		27599F11E40D6DA1BA1CF54A /* Frameworks */ = {
			isa = PBXGroup;
			children = (
				139E0A94A1BF97003D028DCC /* Pods_Study_Sesh.framework */,
				CD20D0EA2F461344DCBDE801 /* Pods_Study_SeshTests.framework */,
				00DE6B687554DE96E1CF1559 /* Pods_Study_SeshUITests.framework */,
			);
			name = Frameworks;
			sourceTree = "<group>";
		};
		9C89DB868DC2E985B9A27F13 /* Pods */ = {
			isa = PBXGroup;
			children = (
				924430E542A3994D1D99CD05 /* Pods-Study Sesh.debug.xcconfig */,
				3A5536710134E408A612F688 /* Pods-Study Sesh.release.xcconfig */,
				191C3383913F584EC00570CF /* Pods-Study SeshTests.debug.xcconfig */,
				6F4BCDBD5C58A09FDB350FE0 /* Pods-Study SeshTests.release.xcconfig */,
				B35530B6756BB068557B9C9D /* Pods-Study SeshUITests.debug.xcconfig */,
				419D8EADBFE57A119A0A461C /* Pods-Study SeshUITests.release.xcconfig */,
			);
			name = Pods;
			sourceTree = "<group>";
		};
		F86522282086BB480006FEED /* Image Assets */ = {
			isa = PBXGroup;
			children = (
				F8A5649820A7EDD300C3FA0B /* logo.png */,
				F86522212086A7050006FEED /* Default.png */,
				F86522202086A7050006FEED /* Default@2x.png */,
			);
			path = "Image Assets";
			sourceTree = "<group>";
		};
		F86D28E320858F5700737388 = {
			isa = PBXGroup;
			children = (
				F86522262086AC430006FEED /* Launch Screen.storyboard */,
				F86522282086BB480006FEED /* Image Assets */,
				F86D28EE20858F5700737388 /* Study Sesh */,
				F86D290320858F5700737388 /* Study SeshTests */,
				F86D290E20858F5700737388 /* Study SeshUITests */,
				F86D28ED20858F5700737388 /* Products */,
				9C89DB868DC2E985B9A27F13 /* Pods */,
				27599F11E40D6DA1BA1CF54A /* Frameworks */,
			);
			sourceTree = "<group>";
		};
		F86D28ED20858F5700737388 /* Products */ = {
			isa = PBXGroup;
			children = (
				F86D28EC20858F5700737388 /* Study Sesh.app */,
				F86D290020858F5700737388 /* Study SeshTests.xctest */,
				F86D290B20858F5700737388 /* Study SeshUITests.xctest */,
			);
			name = Products;
			sourceTree = "<group>";
		};
		F86D28EE20858F5700737388 /* Study Sesh */ = {
			isa = PBXGroup;
			children = (
				006ACB4220A919B700222E5A /* Model */,
				F887613F20A3B222004C8482 /* GoogleService-Info.plist */,
				0012828820A146210019AC74 /* LoginViewController.swift */,
				F86D28EF20858F5700737388 /* AppDelegate.swift */,
				F86D28F120858F5700737388 /* AppointmentViewController.swift */,
				F81ED5822087E6EB00069A8C /* studySesh.swift */,
				F81ED5802087DD0F00069A8C /* SeshCell.swift */,
				F8ED725A2086EF6D0050B715 /* AddSeshViewController.swift */,
				F86D28F320858F5700737388 /* Main.storyboard */,
				F86D28F620858F5700737388 /* Assets.xcassets */,
				F86D28FB20858F5700737388 /* Info.plist */,
				0012828A20A146A50019AC74 /* SignupViewController.swift */,
				006ACB4720A93FAC00222E5A /* ChatViewController.swift */,
				0019A83520A97BCE007DEE4F /* MessageViewController.swift */,
			);
			path = "Study Sesh";
			sourceTree = "<group>";
		};
		F86D290320858F5700737388 /* Study SeshTests */ = {
			isa = PBXGroup;
			children = (
				F86D290420858F5700737388 /* Study_SeshTests.swift */,
				F86D290620858F5700737388 /* Info.plist */,
			);
			path = "Study SeshTests";
			sourceTree = "<group>";
		};
		F86D290E20858F5700737388 /* Study SeshUITests */ = {
			isa = PBXGroup;
			children = (
				F86D290F20858F5700737388 /* Study_SeshUITests.swift */,
				F86D291120858F5700737388 /* Info.plist */,
			);
			path = "Study SeshUITests";
			sourceTree = "<group>";
		};
/* End PBXGroup section */

/* Begin PBXNativeTarget section */
		F86D28EB20858F5700737388 /* Study Sesh */ = {
			isa = PBXNativeTarget;
			buildConfigurationList = F86D291420858F5700737388 /* Build configuration list for PBXNativeTarget "Study Sesh" */;
			buildPhases = (
				F5D7C3F4A11A090CC73F8BC1 /* [CP] Check Pods Manifest.lock */,
				F86D28E820858F5700737388 /* Sources */,
				F86D28E920858F5700737388 /* Frameworks */,
				F86D28EA20858F5700737388 /* Resources */,
				F64B166291E8E4E6642F3C89 /* [CP] Embed Pods Frameworks */,
			);
			buildRules = (
			);
			dependencies = (
			);
			name = "Study Sesh";
			productName = "Study Sesh";
			productReference = F86D28EC20858F5700737388 /* Study Sesh.app */;
			productType = "com.apple.product-type.application";
		};
		F86D28FF20858F5700737388 /* Study SeshTests */ = {
			isa = PBXNativeTarget;
			buildConfigurationList = F86D291720858F5700737388 /* Build configuration list for PBXNativeTarget "Study SeshTests" */;
			buildPhases = (
				990D1E0CE9DB043A888305F6 /* [CP] Check Pods Manifest.lock */,
				F86D28FC20858F5700737388 /* Sources */,
				F86D28FD20858F5700737388 /* Frameworks */,
				F86D28FE20858F5700737388 /* Resources */,
				B3172596ADC080A817E48035 /* [CP] Embed Pods Frameworks */,
			);
			buildRules = (
			);
			dependencies = (
				F86D290220858F5700737388 /* PBXTargetDependency */,
			);
			name = "Study SeshTests";
			productName = "Study SeshTests";
			productReference = F86D290020858F5700737388 /* Study SeshTests.xctest */;
			productType = "com.apple.product-type.bundle.unit-test";
		};
		F86D290A20858F5700737388 /* Study SeshUITests */ = {
			isa = PBXNativeTarget;
			buildConfigurationList = F86D291A20858F5700737388 /* Build configuration list for PBXNativeTarget "Study SeshUITests" */;
			buildPhases = (
				9625F90B3EB209F429269581 /* [CP] Check Pods Manifest.lock */,
				F86D290720858F5700737388 /* Sources */,
				F86D290820858F5700737388 /* Frameworks */,
				F86D290920858F5700737388 /* Resources */,
				08889AE1BF7BADBC6281355B /* [CP] Embed Pods Frameworks */,
			);
			buildRules = (
			);
			dependencies = (
				F86D290D20858F5700737388 /* PBXTargetDependency */,
			);
			name = "Study SeshUITests";
			productName = "Study SeshUITests";
			productReference = F86D290B20858F5700737388 /* Study SeshUITests.xctest */;
			productType = "com.apple.product-type.bundle.ui-testing";
		};
/* End PBXNativeTarget section */

/* Begin PBXProject section */
		F86D28E420858F5700737388 /* Project object */ = {
			isa = PBXProject;
			attributes = {
				KnownAssetTags = (
					Home,
					location,
					time,
				);
				LastSwiftUpdateCheck = 0920;
				LastUpgradeCheck = 0920;
				ORGANIZATIONNAME = "Mertilien Studios";
				TargetAttributes = {
					F86D28EB20858F5700737388 = {
						CreatedOnToolsVersion = 9.2;
						ProvisioningStyle = Automatic;
					};
					F86D28FF20858F5700737388 = {
						CreatedOnToolsVersion = 9.2;
						ProvisioningStyle = Automatic;
						TestTargetID = F86D28EB20858F5700737388;
					};
					F86D290A20858F5700737388 = {
						CreatedOnToolsVersion = 9.2;
						ProvisioningStyle = Automatic;
						TestTargetID = F86D28EB20858F5700737388;
					};
				};
			};
			buildConfigurationList = F86D28E720858F5700737388 /* Build configuration list for PBXProject "Study Sesh" */;
			compatibilityVersion = "Xcode 8.0";
			developmentRegion = en;
			hasScannedForEncodings = 0;
			knownRegions = (
				en,
				Base,
			);
			mainGroup = F86D28E320858F5700737388;
			productRefGroup = F86D28ED20858F5700737388 /* Products */;
			projectDirPath = "";
			projectRoot = "";
			targets = (
				F86D28EB20858F5700737388 /* Study Sesh */,
				F86D28FF20858F5700737388 /* Study SeshTests */,
				F86D290A20858F5700737388 /* Study SeshUITests */,
			);
		};
/* End PBXProject section */

/* Begin PBXResourcesBuildPhase section */
		F86D28EA20858F5700737388 /* Resources */ = {
			isa = PBXResourcesBuildPhase;
			buildActionMask = 2147483647;
			files = (
				F86522222086A7050006FEED /* Default@2x.png in Resources */,
				F887614020A3B222004C8482 /* GoogleService-Info.plist in Resources */,
				F86D28F720858F5700737388 /* Assets.xcassets in Resources */,
				F86522272086AC430006FEED /* Launch Screen.storyboard in Resources */,
				F8A5649920A7EDD400C3FA0B /* logo.png in Resources */,
				F86D28F520858F5700737388 /* Main.storyboard in Resources */,
				F86522232086A7050006FEED /* Default.png in Resources */,
			);
			runOnlyForDeploymentPostprocessing = 0;
		};
		F86D28FE20858F5700737388 /* Resources */ = {
			isa = PBXResourcesBuildPhase;
			buildActionMask = 2147483647;
			files = (
			);
			runOnlyForDeploymentPostprocessing = 0;
		};
		F86D290920858F5700737388 /* Resources */ = {
			isa = PBXResourcesBuildPhase;
			buildActionMask = 2147483647;
			files = (
			);
			runOnlyForDeploymentPostprocessing = 0;
		};
/* End PBXResourcesBuildPhase section */

/* Begin PBXShellScriptBuildPhase section */
		08889AE1BF7BADBC6281355B /* [CP] Embed Pods Frameworks */ = {
			isa = PBXShellScriptBuildPhase;
			buildActionMask = 2147483647;
			files = (
			);
			inputPaths = (
				"${SRCROOT}/Pods/Target Support Files/Pods-Study SeshUITests/Pods-Study SeshUITests-frameworks.sh",
				"${BUILT_PRODUCTS_DIR}/GTMSessionFetcher/GTMSessionFetcher.framework",
				"${BUILT_PRODUCTS_DIR}/GoogleToolboxForMac/GoogleToolboxForMac.framework",
				"${BUILT_PRODUCTS_DIR}/JSQMessagesViewController/JSQMessagesViewController.framework",
				"${BUILT_PRODUCTS_DIR}/JSQSystemSoundPlayer/JSQSystemSoundPlayer.framework",
				"${BUILT_PRODUCTS_DIR}/Protobuf/Protobuf.framework",
				"${BUILT_PRODUCTS_DIR}/SDWebImage/SDWebImage.framework",
			);
			name = "[CP] Embed Pods Frameworks";
			outputPaths = (
				"${TARGET_BUILD_DIR}/${FRAMEWORKS_FOLDER_PATH}/GTMSessionFetcher.framework",
				"${TARGET_BUILD_DIR}/${FRAMEWORKS_FOLDER_PATH}/GoogleToolboxForMac.framework",
				"${TARGET_BUILD_DIR}/${FRAMEWORKS_FOLDER_PATH}/JSQMessagesViewController.framework",
				"${TARGET_BUILD_DIR}/${FRAMEWORKS_FOLDER_PATH}/JSQSystemSoundPlayer.framework",
				"${TARGET_BUILD_DIR}/${FRAMEWORKS_FOLDER_PATH}/Protobuf.framework",
				"${TARGET_BUILD_DIR}/${FRAMEWORKS_FOLDER_PATH}/SDWebImage.framework",
			);
			runOnlyForDeploymentPostprocessing = 0;
			shellPath = /bin/sh;
			shellScript = "\"${SRCROOT}/Pods/Target Support Files/Pods-Study SeshUITests/Pods-Study SeshUITests-frameworks.sh\"\n";
			showEnvVarsInLog = 0;
		};
		9625F90B3EB209F429269581 /* [CP] Check Pods Manifest.lock */ = {
			isa = PBXShellScriptBuildPhase;
			buildActionMask = 2147483647;
			files = (
			);
			inputPaths = (
				"${PODS_PODFILE_DIR_PATH}/Podfile.lock",
				"${PODS_ROOT}/Manifest.lock",
			);
			name = "[CP] Check Pods Manifest.lock";
			outputPaths = (
				"$(DERIVED_FILE_DIR)/Pods-Study SeshUITests-checkManifestLockResult.txt",
			);
			runOnlyForDeploymentPostprocessing = 0;
			shellPath = /bin/sh;
			shellScript = "diff \"${PODS_PODFILE_DIR_PATH}/Podfile.lock\" \"${PODS_ROOT}/Manifest.lock\" > /dev/null\nif [ $? != 0 ] ; then\n    # print error to STDERR\n    echo \"error: The sandbox is not in sync with the Podfile.lock. Run 'pod install' or update your CocoaPods installation.\" >&2\n    exit 1\nfi\n# This output is used by Xcode 'outputs' to avoid re-running this script phase.\necho \"SUCCESS\" > \"${SCRIPT_OUTPUT_FILE_0}\"\n";
			showEnvVarsInLog = 0;
		};
		990D1E0CE9DB043A888305F6 /* [CP] Check Pods Manifest.lock */ = {
			isa = PBXShellScriptBuildPhase;
			buildActionMask = 2147483647;
			files = (
			);
			inputPaths = (
				"${PODS_PODFILE_DIR_PATH}/Podfile.lock",
				"${PODS_ROOT}/Manifest.lock",
			);
			name = "[CP] Check Pods Manifest.lock";
			outputPaths = (
				"$(DERIVED_FILE_DIR)/Pods-Study SeshTests-checkManifestLockResult.txt",
			);
			runOnlyForDeploymentPostprocessing = 0;
			shellPath = /bin/sh;
			shellScript = "diff \"${PODS_PODFILE_DIR_PATH}/Podfile.lock\" \"${PODS_ROOT}/Manifest.lock\" > /dev/null\nif [ $? != 0 ] ; then\n    # print error to STDERR\n    echo \"error: The sandbox is not in sync with the Podfile.lock. Run 'pod install' or update your CocoaPods installation.\" >&2\n    exit 1\nfi\n# This output is used by Xcode 'outputs' to avoid re-running this script phase.\necho \"SUCCESS\" > \"${SCRIPT_OUTPUT_FILE_0}\"\n";
			showEnvVarsInLog = 0;
		};
		B3172596ADC080A817E48035 /* [CP] Embed Pods Frameworks */ = {
			isa = PBXShellScriptBuildPhase;
			buildActionMask = 2147483647;
			files = (
			);
			inputPaths = (
				"${SRCROOT}/Pods/Target Support Files/Pods-Study SeshTests/Pods-Study SeshTests-frameworks.sh",
				"${BUILT_PRODUCTS_DIR}/GTMSessionFetcher/GTMSessionFetcher.framework",
				"${BUILT_PRODUCTS_DIR}/GoogleToolboxForMac/GoogleToolboxForMac.framework",
				"${BUILT_PRODUCTS_DIR}/JSQMessagesViewController/JSQMessagesViewController.framework",
				"${BUILT_PRODUCTS_DIR}/JSQSystemSoundPlayer/JSQSystemSoundPlayer.framework",
				"${BUILT_PRODUCTS_DIR}/Protobuf/Protobuf.framework",
				"${BUILT_PRODUCTS_DIR}/SDWebImage/SDWebImage.framework",
			);
			name = "[CP] Embed Pods Frameworks";
			outputPaths = (
				"${TARGET_BUILD_DIR}/${FRAMEWORKS_FOLDER_PATH}/GTMSessionFetcher.framework",
				"${TARGET_BUILD_DIR}/${FRAMEWORKS_FOLDER_PATH}/GoogleToolboxForMac.framework",
				"${TARGET_BUILD_DIR}/${FRAMEWORKS_FOLDER_PATH}/JSQMessagesViewController.framework",
				"${TARGET_BUILD_DIR}/${FRAMEWORKS_FOLDER_PATH}/JSQSystemSoundPlayer.framework",
				"${TARGET_BUILD_DIR}/${FRAMEWORKS_FOLDER_PATH}/Protobuf.framework",
				"${TARGET_BUILD_DIR}/${FRAMEWORKS_FOLDER_PATH}/SDWebImage.framework",
			);
			runOnlyForDeploymentPostprocessing = 0;
			shellPath = /bin/sh;
			shellScript = "\"${SRCROOT}/Pods/Target Support Files/Pods-Study SeshTests/Pods-Study SeshTests-frameworks.sh\"\n";
			showEnvVarsInLog = 0;
		};
		F5D7C3F4A11A090CC73F8BC1 /* [CP] Check Pods Manifest.lock */ = {
			isa = PBXShellScriptBuildPhase;
			buildActionMask = 2147483647;
			files = (
			);
			inputPaths = (
				"${PODS_PODFILE_DIR_PATH}/Podfile.lock",
				"${PODS_ROOT}/Manifest.lock",
			);
			name = "[CP] Check Pods Manifest.lock";
			outputPaths = (
				"$(DERIVED_FILE_DIR)/Pods-Study Sesh-checkManifestLockResult.txt",
			);
			runOnlyForDeploymentPostprocessing = 0;
			shellPath = /bin/sh;
			shellScript = "diff \"${PODS_PODFILE_DIR_PATH}/Podfile.lock\" \"${PODS_ROOT}/Manifest.lock\" > /dev/null\nif [ $? != 0 ] ; then\n    # print error to STDERR\n    echo \"error: The sandbox is not in sync with the Podfile.lock. Run 'pod install' or update your CocoaPods installation.\" >&2\n    exit 1\nfi\n# This output is used by Xcode 'outputs' to avoid re-running this script phase.\necho \"SUCCESS\" > \"${SCRIPT_OUTPUT_FILE_0}\"\n";
			showEnvVarsInLog = 0;
		};
		F64B166291E8E4E6642F3C89 /* [CP] Embed Pods Frameworks */ = {
			isa = PBXShellScriptBuildPhase;
			buildActionMask = 2147483647;
			files = (
			);
			inputPaths = (
				"${SRCROOT}/Pods/Target Support Files/Pods-Study Sesh/Pods-Study Sesh-frameworks.sh",
				"${BUILT_PRODUCTS_DIR}/GTMSessionFetcher/GTMSessionFetcher.framework",
				"${BUILT_PRODUCTS_DIR}/GoogleToolboxForMac/GoogleToolboxForMac.framework",
				"${BUILT_PRODUCTS_DIR}/JSQMessagesViewController/JSQMessagesViewController.framework",
				"${BUILT_PRODUCTS_DIR}/JSQSystemSoundPlayer/JSQSystemSoundPlayer.framework",
				"${BUILT_PRODUCTS_DIR}/Protobuf/Protobuf.framework",
				"${BUILT_PRODUCTS_DIR}/SDWebImage/SDWebImage.framework",
			);
			name = "[CP] Embed Pods Frameworks";
			outputPaths = (
				"${TARGET_BUILD_DIR}/${FRAMEWORKS_FOLDER_PATH}/GTMSessionFetcher.framework",
				"${TARGET_BUILD_DIR}/${FRAMEWORKS_FOLDER_PATH}/GoogleToolboxForMac.framework",
				"${TARGET_BUILD_DIR}/${FRAMEWORKS_FOLDER_PATH}/JSQMessagesViewController.framework",
				"${TARGET_BUILD_DIR}/${FRAMEWORKS_FOLDER_PATH}/JSQSystemSoundPlayer.framework",
				"${TARGET_BUILD_DIR}/${FRAMEWORKS_FOLDER_PATH}/Protobuf.framework",
				"${TARGET_BUILD_DIR}/${FRAMEWORKS_FOLDER_PATH}/SDWebImage.framework",
			);
			runOnlyForDeploymentPostprocessing = 0;
			shellPath = /bin/sh;
			shellScript = "\"${SRCROOT}/Pods/Target Support Files/Pods-Study Sesh/Pods-Study Sesh-frameworks.sh\"\n";
			showEnvVarsInLog = 0;
		};
/* End PBXShellScriptBuildPhase section */

/* Begin PBXSourcesBuildPhase section */
		F86D28E820858F5700737388 /* Sources */ = {
			isa = PBXSourcesBuildPhase;
			buildActionMask = 2147483647;
			files = (
				0012828B20A146A50019AC74 /* SignupViewController.swift in Sources */,
				00A5D4E720AAAA89004303BD /* MessagesHandler.swift in Sources */,
				F8ED725B2086EF6D0050B715 /* AddSeshViewController.swift in Sources */,
				0019A83420A94E08007DEE4F /* Contact.swift in Sources */,
				F81ED5812087DD0F00069A8C /* SeshCell.swift in Sources */,
				F86D28F220858F5700737388 /* AppointmentViewController.swift in Sources */,
				0012828920A146210019AC74 /* LoginViewController.swift in Sources */,
				F81ED5832087E6EB00069A8C /* studySesh.swift in Sources */,
				0019A83620A97BCE007DEE4F /* MessageViewController.swift in Sources */,
				F86D28F020858F5700737388 /* AppDelegate.swift in Sources */,
				0019A83820AA9957007DEE4F /* FBAuth.swift in Sources */,
				006ACB4820A93FAC00222E5A /* ChatViewController.swift in Sources */,
				006ACB4620A91D3D00222E5A /* FBdatabase.swift in Sources */,
			);
			runOnlyForDeploymentPostprocessing = 0;
		};
		F86D28FC20858F5700737388 /* Sources */ = {
			isa = PBXSourcesBuildPhase;
			buildActionMask = 2147483647;
			files = (
				F86D290520858F5700737388 /* Study_SeshTests.swift in Sources */,
			);
			runOnlyForDeploymentPostprocessing = 0;
		};
		F86D290720858F5700737388 /* Sources */ = {
			isa = PBXSourcesBuildPhase;
			buildActionMask = 2147483647;
			files = (
				F86D291020858F5700737388 /* Study_SeshUITests.swift in Sources */,
			);
			runOnlyForDeploymentPostprocessing = 0;
		};
/* End PBXSourcesBuildPhase section */

/* Begin PBXTargetDependency section */
		F86D290220858F5700737388 /* PBXTargetDependency */ = {
			isa = PBXTargetDependency;
			target = F86D28EB20858F5700737388 /* Study Sesh */;
			targetProxy = F86D290120858F5700737388 /* PBXContainerItemProxy */;
		};
		F86D290D20858F5700737388 /* PBXTargetDependency */ = {
			isa = PBXTargetDependency;
			target = F86D28EB20858F5700737388 /* Study Sesh */;
			targetProxy = F86D290C20858F5700737388 /* PBXContainerItemProxy */;
		};
/* End PBXTargetDependency section */

/* Begin PBXVariantGroup section */
		F86D28F320858F5700737388 /* Main.storyboard */ = {
			isa = PBXVariantGroup;
			children = (
				F86D28F420858F5700737388 /* Base */,
			);
			name = Main.storyboard;
			sourceTree = "<group>";
		};
/* End PBXVariantGroup section */

/* Begin XCBuildConfiguration section */
		F86D291220858F5700737388 /* Debug */ = {
			isa = XCBuildConfiguration;
			buildSettings = {
				ALWAYS_SEARCH_USER_PATHS = NO;
				CLANG_ANALYZER_NONNULL = YES;
				CLANG_ANALYZER_NUMBER_OBJECT_CONVERSION = YES_AGGRESSIVE;
				CLANG_CXX_LANGUAGE_STANDARD = "gnu++14";
				CLANG_CXX_LIBRARY = "libc++";
				CLANG_ENABLE_MODULES = YES;
				CLANG_ENABLE_OBJC_ARC = YES;
				CLANG_WARN_BLOCK_CAPTURE_AUTORELEASING = YES;
				CLANG_WARN_BOOL_CONVERSION = YES;
				CLANG_WARN_COMMA = YES;
				CLANG_WARN_CONSTANT_CONVERSION = YES;
				CLANG_WARN_DIRECT_OBJC_ISA_USAGE = YES_ERROR;
				CLANG_WARN_DOCUMENTATION_COMMENTS = YES;
				CLANG_WARN_EMPTY_BODY = YES;
				CLANG_WARN_ENUM_CONVERSION = YES;
				CLANG_WARN_INFINITE_RECURSION = YES;
				CLANG_WARN_INT_CONVERSION = YES;
				CLANG_WARN_NON_LITERAL_NULL_CONVERSION = YES;
				CLANG_WARN_OBJC_LITERAL_CONVERSION = YES;
				CLANG_WARN_OBJC_ROOT_CLASS = YES_ERROR;
				CLANG_WARN_RANGE_LOOP_ANALYSIS = YES;
				CLANG_WARN_STRICT_PROTOTYPES = YES;
				CLANG_WARN_SUSPICIOUS_MOVE = YES;
				CLANG_WARN_UNGUARDED_AVAILABILITY = YES_AGGRESSIVE;
				CLANG_WARN_UNREACHABLE_CODE = YES;
				CLANG_WARN__DUPLICATE_METHOD_MATCH = YES;
				CODE_SIGN_IDENTITY = "iPhone Developer";
				COPY_PHASE_STRIP = NO;
				DEBUG_INFORMATION_FORMAT = dwarf;
				ENABLE_STRICT_OBJC_MSGSEND = YES;
				ENABLE_TESTABILITY = YES;
				GCC_C_LANGUAGE_STANDARD = gnu11;
				GCC_DYNAMIC_NO_PIC = NO;
				GCC_NO_COMMON_BLOCKS = YES;
				GCC_OPTIMIZATION_LEVEL = 0;
				GCC_PREPROCESSOR_DEFINITIONS = (
					"DEBUG=1",
					"$(inherited)",
				);
				GCC_WARN_64_TO_32_BIT_CONVERSION = YES;
				GCC_WARN_ABOUT_RETURN_TYPE = YES_ERROR;
				GCC_WARN_UNDECLARED_SELECTOR = YES;
				GCC_WARN_UNINITIALIZED_AUTOS = YES_AGGRESSIVE;
				GCC_WARN_UNUSED_FUNCTION = YES;
				GCC_WARN_UNUSED_VARIABLE = YES;
				IPHONEOS_DEPLOYMENT_TARGET = 11.2;
				MTL_ENABLE_DEBUG_INFO = YES;
				ONLY_ACTIVE_ARCH = YES;
				SDKROOT = iphoneos;
				SWIFT_ACTIVE_COMPILATION_CONDITIONS = DEBUG;
				SWIFT_OPTIMIZATION_LEVEL = "-Onone";
			};
			name = Debug;
		};
		F86D291320858F5700737388 /* Release */ = {
			isa = XCBuildConfiguration;
			buildSettings = {
				ALWAYS_SEARCH_USER_PATHS = NO;
				CLANG_ANALYZER_NONNULL = YES;
				CLANG_ANALYZER_NUMBER_OBJECT_CONVERSION = YES_AGGRESSIVE;
				CLANG_CXX_LANGUAGE_STANDARD = "gnu++14";
				CLANG_CXX_LIBRARY = "libc++";
				CLANG_ENABLE_MODULES = YES;
				CLANG_ENABLE_OBJC_ARC = YES;
				CLANG_WARN_BLOCK_CAPTURE_AUTORELEASING = YES;
				CLANG_WARN_BOOL_CONVERSION = YES;
				CLANG_WARN_COMMA = YES;
				CLANG_WARN_CONSTANT_CONVERSION = YES;
				CLANG_WARN_DIRECT_OBJC_ISA_USAGE = YES_ERROR;
				CLANG_WARN_DOCUMENTATION_COMMENTS = YES;
				CLANG_WARN_EMPTY_BODY = YES;
				CLANG_WARN_ENUM_CONVERSION = YES;
				CLANG_WARN_INFINITE_RECURSION = YES;
				CLANG_WARN_INT_CONVERSION = YES;
				CLANG_WARN_NON_LITERAL_NULL_CONVERSION = YES;
				CLANG_WARN_OBJC_LITERAL_CONVERSION = YES;
				CLANG_WARN_OBJC_ROOT_CLASS = YES_ERROR;
				CLANG_WARN_RANGE_LOOP_ANALYSIS = YES;
				CLANG_WARN_STRICT_PROTOTYPES = YES;
				CLANG_WARN_SUSPICIOUS_MOVE = YES;
				CLANG_WARN_UNGUARDED_AVAILABILITY = YES_AGGRESSIVE;
				CLANG_WARN_UNREACHABLE_CODE = YES;
				CLANG_WARN__DUPLICATE_METHOD_MATCH = YES;
				CODE_SIGN_IDENTITY = "iPhone Developer";
				COPY_PHASE_STRIP = NO;
				DEBUG_INFORMATION_FORMAT = "dwarf-with-dsym";
				ENABLE_NS_ASSERTIONS = NO;
				ENABLE_STRICT_OBJC_MSGSEND = YES;
				GCC_C_LANGUAGE_STANDARD = gnu11;
				GCC_NO_COMMON_BLOCKS = YES;
				GCC_WARN_64_TO_32_BIT_CONVERSION = YES;
				GCC_WARN_ABOUT_RETURN_TYPE = YES_ERROR;
				GCC_WARN_UNDECLARED_SELECTOR = YES;
				GCC_WARN_UNINITIALIZED_AUTOS = YES_AGGRESSIVE;
				GCC_WARN_UNUSED_FUNCTION = YES;
				GCC_WARN_UNUSED_VARIABLE = YES;
				IPHONEOS_DEPLOYMENT_TARGET = 11.2;
				MTL_ENABLE_DEBUG_INFO = NO;
				SDKROOT = iphoneos;
				SWIFT_OPTIMIZATION_LEVEL = "-Owholemodule";
				VALIDATE_PRODUCT = YES;
			};
			name = Release;
		};
		F86D291520858F5700737388 /* Debug */ = {
			isa = XCBuildConfiguration;
			baseConfigurationReference = 924430E542A3994D1D99CD05 /* Pods-Study Sesh.debug.xcconfig */;
			buildSettings = {
				ASSETCATALOG_COMPILER_APPICON_NAME = AppIcon;
				CODE_SIGN_STYLE = Automatic;
				INFOPLIST_FILE = "Study Sesh/Info.plist";
				LD_RUNPATH_SEARCH_PATHS = "$(inherited) @executable_path/Frameworks";
				PRODUCT_BUNDLE_IDENTIFIER = "MM.Study-Sesh";
				PRODUCT_NAME = "$(TARGET_NAME)";
				SWIFT_VERSION = 4.0;
				TARGETED_DEVICE_FAMILY = "1,2";
			};
			name = Debug;
		};
		F86D291620858F5700737388 /* Release */ = {
			isa = XCBuildConfiguration;
			baseConfigurationReference = 3A5536710134E408A612F688 /* Pods-Study Sesh.release.xcconfig */;
			buildSettings = {
				ASSETCATALOG_COMPILER_APPICON_NAME = AppIcon;
				CODE_SIGN_STYLE = Automatic;
				INFOPLIST_FILE = "Study Sesh/Info.plist";
				LD_RUNPATH_SEARCH_PATHS = "$(inherited) @executable_path/Frameworks";
				PRODUCT_BUNDLE_IDENTIFIER = "MM.Study-Sesh";
				PRODUCT_NAME = "$(TARGET_NAME)";
				SWIFT_VERSION = 4.0;
				TARGETED_DEVICE_FAMILY = "1,2";
			};
			name = Release;
		};
		F86D291820858F5700737388 /* Debug */ = {
			isa = XCBuildConfiguration;
			baseConfigurationReference = 191C3383913F584EC00570CF /* Pods-Study SeshTests.debug.xcconfig */;
			buildSettings = {
				ALWAYS_EMBED_SWIFT_STANDARD_LIBRARIES = YES;
				BUNDLE_LOADER = "$(TEST_HOST)";
				CODE_SIGN_STYLE = Automatic;
				INFOPLIST_FILE = "Study SeshTests/Info.plist";
				LD_RUNPATH_SEARCH_PATHS = "$(inherited) @executable_path/Frameworks @loader_path/Frameworks";
				PRODUCT_BUNDLE_IDENTIFIER = "MM.Study-SeshTests";
				PRODUCT_NAME = "$(TARGET_NAME)";
				SWIFT_VERSION = 4.0;
				TARGETED_DEVICE_FAMILY = "1,2";
				TEST_HOST = "$(BUILT_PRODUCTS_DIR)/Study Sesh.app/Study Sesh";
			};
			name = Debug;
		};
		F86D291920858F5700737388 /* Release */ = {
			isa = XCBuildConfiguration;
			baseConfigurationReference = 6F4BCDBD5C58A09FDB350FE0 /* Pods-Study SeshTests.release.xcconfig */;
			buildSettings = {
				ALWAYS_EMBED_SWIFT_STANDARD_LIBRARIES = YES;
				BUNDLE_LOADER = "$(TEST_HOST)";
				CODE_SIGN_STYLE = Automatic;
				INFOPLIST_FILE = "Study SeshTests/Info.plist";
				LD_RUNPATH_SEARCH_PATHS = "$(inherited) @executable_path/Frameworks @loader_path/Frameworks";
				PRODUCT_BUNDLE_IDENTIFIER = "MM.Study-SeshTests";
				PRODUCT_NAME = "$(TARGET_NAME)";
				SWIFT_VERSION = 4.0;
				TARGETED_DEVICE_FAMILY = "1,2";
				TEST_HOST = "$(BUILT_PRODUCTS_DIR)/Study Sesh.app/Study Sesh";
			};
			name = Release;
		};
		F86D291B20858F5700737388 /* Debug */ = {
			isa = XCBuildConfiguration;
			baseConfigurationReference = B35530B6756BB068557B9C9D /* Pods-Study SeshUITests.debug.xcconfig */;
			buildSettings = {
				ALWAYS_EMBED_SWIFT_STANDARD_LIBRARIES = YES;
				CODE_SIGN_STYLE = Automatic;
				INFOPLIST_FILE = "Study SeshUITests/Info.plist";
				LD_RUNPATH_SEARCH_PATHS = "$(inherited) @executable_path/Frameworks @loader_path/Frameworks";
				PRODUCT_BUNDLE_IDENTIFIER = "MM.Study-SeshUITests";
				PRODUCT_NAME = "$(TARGET_NAME)";
				SWIFT_VERSION = 4.0;
				TARGETED_DEVICE_FAMILY = "1,2";
				TEST_TARGET_NAME = "Study Sesh";
			};
			name = Debug;
		};
		F86D291C20858F5700737388 /* Release */ = {
			isa = XCBuildConfiguration;
			baseConfigurationReference = 419D8EADBFE57A119A0A461C /* Pods-Study SeshUITests.release.xcconfig */;
			buildSettings = {
				ALWAYS_EMBED_SWIFT_STANDARD_LIBRARIES = YES;
				CODE_SIGN_STYLE = Automatic;
				INFOPLIST_FILE = "Study SeshUITests/Info.plist";
				LD_RUNPATH_SEARCH_PATHS = "$(inherited) @executable_path/Frameworks @loader_path/Frameworks";
				PRODUCT_BUNDLE_IDENTIFIER = "MM.Study-SeshUITests";
				PRODUCT_NAME = "$(TARGET_NAME)";
				SWIFT_VERSION = 4.0;
				TARGETED_DEVICE_FAMILY = "1,2";
				TEST_TARGET_NAME = "Study Sesh";
			};
			name = Release;
		};
/* End XCBuildConfiguration section */

/* Begin XCConfigurationList section */
		F86D28E720858F5700737388 /* Build configuration list for PBXProject "Study Sesh" */ = {
			isa = XCConfigurationList;
			buildConfigurations = (
				F86D291220858F5700737388 /* Debug */,
				F86D291320858F5700737388 /* Release */,
			);
			defaultConfigurationIsVisible = 0;
			defaultConfigurationName = Release;
		};
		F86D291420858F5700737388 /* Build configuration list for PBXNativeTarget "Study Sesh" */ = {
			isa = XCConfigurationList;
			buildConfigurations = (
				F86D291520858F5700737388 /* Debug */,
				F86D291620858F5700737388 /* Release */,
			);
			defaultConfigurationIsVisible = 0;
			defaultConfigurationName = Release;
		};
		F86D291720858F5700737388 /* Build configuration list for PBXNativeTarget "Study SeshTests" */ = {
			isa = XCConfigurationList;
			buildConfigurations = (
				F86D291820858F5700737388 /* Debug */,
				F86D291920858F5700737388 /* Release */,
			);
			defaultConfigurationIsVisible = 0;
			defaultConfigurationName = Release;
		};
		F86D291A20858F5700737388 /* Build configuration list for PBXNativeTarget "Study SeshUITests" */ = {
			isa = XCConfigurationList;
			buildConfigurations = (
				F86D291B20858F5700737388 /* Debug */,
				F86D291C20858F5700737388 /* Release */,
			);
			defaultConfigurationIsVisible = 0;
			defaultConfigurationName = Release;
		};
/* End XCConfigurationList section */
	};
	rootObject = F86D28E420858F5700737388 /* Project object */;
}
